
Microsoft Visual Studio Solution File, Format Version 12.00
# Visual Studio Version 17
VisualStudioVersion = 17.12.35527.113 d17.12
MinimumVisualStudioVersion = 10.0.40219.1
Project("{FAE04EC0-301F-11D3-BF4B-00C04F79EFBC}") = "WPF.App.DependencyInjection", "WPF.App.DependencyInjection.csproj", "{1530F685-2225-419C-9C7E-9E7A6044600E}"
EndProject
Project("{2150E333-8FDC-42A3-9474-1A3956D46DE8}") = "Apps", "Apps", "{C8F3B92F-9AA5-4DDC-AA5E-EE3C6D5EE91E}"
EndProject
Project("{2150E333-8FDC-42A3-9474-1A3956D46DE8}") = "Based", "Based", "{15DDEC3F-C893-49B5-AEF3-9CCC94899272}"
EndProject
Project("{2150E333-8FDC-42A3-9474-1A3956D46DE8}") = "Foundation", "Foundation", "{5495F18F-7A83-454C-B336-4B4B037899DC}"
EndProject
Project("{2150E333-8FDC-42A3-9474-1A3956D46DE8}") = "Partial", "Partial", "{F62B429F-A689-4F64-A3A8-D8AB3D594D09}"
EndProject
Project("{FAE04EC0-301F-11D3-BF4B-00C04F79EFBC}") = "WPF.Core", "..\WPF.Core\WPF.Core.csproj", "{53281309-181B-4D73-A874-DAC232AAB9FB}"
EndProject
Global
	GlobalSection(SolutionConfigurationPlatforms) = preSolution
		Debug|Any CPU = Debug|Any CPU
		Release|Any CPU = Release|Any CPU
	EndGlobalSection
	GlobalSection(ProjectConfigurationPlatforms) = postSolution
		{1530F685-2225-419C-9C7E-9E7A6044600E}.Debug|Any CPU.ActiveCfg = Debug|Any CPU
		{1530F685-2225-419C-9C7E-9E7A6044600E}.Debug|Any CPU.Build.0 = Debug|Any CPU
		{1530F685-2225-419C-9C7E-9E7A6044600E}.Release|Any CPU.ActiveCfg = Release|Any CPU
		{1530F685-2225-419C-9C7E-9E7A6044600E}.Release|Any CPU.Build.0 = Release|Any CPU
		{53281309-181B-4D73-A874-DAC232AAB9FB}.Debug|Any CPU.ActiveCfg = Debug|Any CPU
		{53281309-181B-4D73-A874-DAC232AAB9FB}.Debug|Any CPU.Build.0 = Debug|Any CPU
		{53281309-181B-4D73-A874-DAC232AAB9FB}.Release|Any CPU.ActiveCfg = Release|Any CPU
		{53281309-181B-4D73-A874-DAC232AAB9FB}.Release|Any CPU.Build.0 = Release|Any CPU
	EndGlobalSection
	GlobalSection(SolutionProperties) = preSolution
		HideSolutionNode = FALSE
	EndGlobalSection
	GlobalSection(NestedProjects) = preSolution
		{1530F685-2225-419C-9C7E-9E7A6044600E} = {C8F3B92F-9AA5-4DDC-AA5E-EE3C6D5EE91E}
		{53281309-181B-4D73-A874-DAC232AAB9FB} = {15DDEC3F-C893-49B5-AEF3-9CCC94899272}
	EndGlobalSection
EndGlobal
